
Microsoft Visual Studio Solution File, Format Version 12.00
# Visual Studio 15
VisualStudioVersion = 15.0.27703.1
MinimumVisualStudioVersion = 10.0.40219.1
Project("{FAE04EC0-301F-11D3-BF4B-00C04F79EFBC}") = "HangfireService", "HangfireService\HangfireService.csproj", "{8632800E-13B9-48FF-ACA7-7B16FC31221B}"
EndProject
Project("{FAE04EC0-301F-11D3-BF4B-00C04F79EFBC}") = "HangfireService.Plugins", "HangfireService.Plugins\HangfireService.Plugins.csproj", "{02D384D0-C937-4E2B-9C90-540A2B333752}"
EndProject
Project("{54435603-DBB4-11D2-8724-00A0C9A8B90C}") = "HangfireService.Setup", "HangfireService.Setup\HangfireService.Setup.vdproj", "{BED5B831-2F40-49E9-9029-F8C0154D73A7}"
EndProject
Project("{FAE04EC0-301F-11D3-BF4B-00C04F79EFBC}") = "HangfireService.Contracts", "HangfireService.Contracts\HangfireService.Contracts.csproj", "{C5649313-E8DD-4BBC-8814-1AE471B154D4}"
EndProject
Global
	GlobalSection(SolutionConfigurationPlatforms) = preSolution
		Debug|Any CPU = Debug|Any CPU
		Release|Any CPU = Release|Any CPU
	EndGlobalSection
	GlobalSection(ProjectConfigurationPlatforms) = postSolution
		{8632800E-13B9-48FF-ACA7-7B16FC31221B}.Debug|Any CPU.ActiveCfg = Debug|Any CPU
		{8632800E-13B9-48FF-ACA7-7B16FC31221B}.Debug|Any CPU.Build.0 = Debug|Any CPU
		{8632800E-13B9-48FF-ACA7-7B16FC31221B}.Release|Any CPU.ActiveCfg = Release|Any CPU
		{8632800E-13B9-48FF-ACA7-7B16FC31221B}.Release|Any CPU.Build.0 = Release|Any CPU
		{02D384D0-C937-4E2B-9C90-540A2B333752}.Debug|Any CPU.ActiveCfg = Debug|Any CPU
		{02D384D0-C937-4E2B-9C90-540A2B333752}.Debug|Any CPU.Build.0 = Debug|Any CPU
		{02D384D0-C937-4E2B-9C90-540A2B333752}.Release|Any CPU.ActiveCfg = Release|Any CPU
		{02D384D0-C937-4E2B-9C90-540A2B333752}.Release|Any CPU.Build.0 = Release|Any CPU
		{BED5B831-2F40-49E9-9029-F8C0154D73A7}.Debug|Any CPU.ActiveCfg = Debug
		{BED5B831-2F40-49E9-9029-F8C0154D73A7}.Release|Any CPU.ActiveCfg = Release
		{C5649313-E8DD-4BBC-8814-1AE471B154D4}.Debug|Any CPU.ActiveCfg = Debug|Any CPU
		{C5649313-E8DD-4BBC-8814-1AE471B154D4}.Debug|Any CPU.Build.0 = Debug|Any CPU
		{C5649313-E8DD-4BBC-8814-1AE471B154D4}.Release|Any CPU.ActiveCfg = Release|Any CPU
		{C5649313-E8DD-4BBC-8814-1AE471B154D4}.Release|Any CPU.Build.0 = Release|Any CPU
	EndGlobalSection
	GlobalSection(SolutionProperties) = preSolution
		HideSolutionNode = FALSE
	EndGlobalSection
	GlobalSection(ExtensibilityGlobals) = postSolution
		SolutionGuid = {AD28BD6B-F0F6-4A46-9255-1874E12D2302}
	EndGlobalSection
EndGlobal
